# This file is automatically @generated by Cargo.
# It is not intended for manual editing.
[[package]]
name = "mvm"
version = "0.1.0"

[[package]]
name = "mvm-cli"
version = "0.1.0"
dependencies = [
 "mvm 0.1.0",
]

[[package]]
name = "mvm-gtk"
version = "0.1.0"

[[package]]
name = "mvm-parse"
version = "0.1.0"

